dependencies:
- name: postgresql
  repository: https://charts.bitnami.com/bitnami
  version: 11.9.13
- name: valkey
  repository: oci://registry-1.docker.io/cloudpirates
  version: 0.15.3
digest: sha256:e43b7e22bffb62a4f6c6042e837e5bcb9e7a6e2f5066d96bcf62ce05ef7bab03
generated: "2026-02-03T16:07:53.32473377Z"
