dependencies:
- name: postgresql
  repository: https://charts.bitnami.com/bitnami
  version: 11.9.13
- name: valkey
  repository: oci://registry-1.docker.io/cloudpirates
  version: 0.4.1
digest: sha256:1e13c34b13da4af2417772e3e16a58cc121a626c6b876cb8a6d58d398abb291b
generated: "2025-10-14T17:37:27.179684443+01:00"
