dependencies:
- name: postgresql
  repository: https://charts.bitnami.com/bitnami
  version: 11.9.13
- name: valkey
  repository: oci://registry-1.docker.io/cloudpirates
  version: 0.4.1
digest: sha256:18914f01a3fbac576b655e1eca8cae8303dc16ce33df9532c1f9c800ec932289
generated: "2025-10-10T17:09:58.788141744+01:00"
